<?xml version="1.0" encoding="utf-8"?>
<Project ToolsVersion="17.0" xmlns="http://schemas.microsoft.com/developer/msbuild/2003">
  <ItemGroup>
    <ClCompile Include="C:\Users\Anand John\Documents\GitHub\Pupil-April-Tags-MOE-Edits\apriltags-source\apriltag.c">
      <Filter>Source Files</Filter>
    </ClCompile>
    <ClCompile Include="C:\Users\Anand John\Documents\GitHub\Pupil-April-Tags-MOE-Edits\apriltags-source\apriltag_pose.c">
      <Filter>Source Files</Filter>
    </ClCompile>
    <ClCompile Include="C:\Users\Anand John\Documents\GitHub\Pupil-April-Tags-MOE-Edits\apriltags-source\apriltag_quad_thresh.c">
      <Filter>Source Files</Filter>
    </ClCompile>
    <ClCompile Include="C:\Users\Anand John\Documents\GitHub\Pupil-April-Tags-MOE-Edits\apriltags-source\common\g2d.c">
      <Filter>Source Files</Filter>
    </ClCompile>
    <ClCompile Include="C:\Users\Anand John\Documents\GitHub\Pupil-April-Tags-MOE-Edits\apriltags-source\common\getopt.c">
      <Filter>Source Files</Filter>
    </ClCompile>
    <ClCompile Include="C:\Users\Anand John\Documents\GitHub\Pupil-April-Tags-MOE-Edits\apriltags-source\common\homography.c">
      <Filter>Source Files</Filter>
    </ClCompile>
    <ClCompile Include="C:\Users\Anand John\Documents\GitHub\Pupil-April-Tags-MOE-Edits\apriltags-source\common\image_u8.c">
      <Filter>Source Files</Filter>
    </ClCompile>
    <ClCompile Include="C:\Users\Anand John\Documents\GitHub\Pupil-April-Tags-MOE-Edits\apriltags-source\common\image_u8x3.c">
      <Filter>Source Files</Filter>
    </ClCompile>
    <ClCompile Include="C:\Users\Anand John\Documents\GitHub\Pupil-April-Tags-MOE-Edits\apriltags-source\common\image_u8x4.c">
      <Filter>Source Files</Filter>
    </ClCompile>
    <ClCompile Include="C:\Users\Anand John\Documents\GitHub\Pupil-April-Tags-MOE-Edits\apriltags-source\common\matd.c">
      <Filter>Source Files</Filter>
    </ClCompile>
    <ClCompile Include="C:\Users\Anand John\Documents\GitHub\Pupil-April-Tags-MOE-Edits\apriltags-source\common\pam.c">
      <Filter>Source Files</Filter>
    </ClCompile>
    <ClCompile Include="C:\Users\Anand John\Documents\GitHub\Pupil-April-Tags-MOE-Edits\apriltags-source\common\pjpeg-idct.c">
      <Filter>Source Files</Filter>
    </ClCompile>
    <ClCompile Include="C:\Users\Anand John\Documents\GitHub\Pupil-April-Tags-MOE-Edits\apriltags-source\common\pjpeg.c">
      <Filter>Source Files</Filter>
    </ClCompile>
    <ClCompile Include="C:\Users\Anand John\Documents\GitHub\Pupil-April-Tags-MOE-Edits\apriltags-source\common\pnm.c">
      <Filter>Source Files</Filter>
    </ClCompile>
    <ClCompile Include="C:\Users\Anand John\Documents\GitHub\Pupil-April-Tags-MOE-Edits\apriltags-source\common\pthreads_cross.cpp">
      <Filter>Source Files</Filter>
    </ClCompile>
    <ClCompile Include="C:\Users\Anand John\Documents\GitHub\Pupil-April-Tags-MOE-Edits\apriltags-source\common\string_util.c">
      <Filter>Source Files</Filter>
    </ClCompile>
    <ClCompile Include="C:\Users\Anand John\Documents\GitHub\Pupil-April-Tags-MOE-Edits\apriltags-source\common\svd22.c">
      <Filter>Source Files</Filter>
    </ClCompile>
    <ClCompile Include="C:\Users\Anand John\Documents\GitHub\Pupil-April-Tags-MOE-Edits\apriltags-source\common\time_util.c">
      <Filter>Source Files</Filter>
    </ClCompile>
    <ClCompile Include="C:\Users\Anand John\Documents\GitHub\Pupil-April-Tags-MOE-Edits\apriltags-source\common\unionfind.c">
      <Filter>Source Files</Filter>
    </ClCompile>
    <ClCompile Include="C:\Users\Anand John\Documents\GitHub\Pupil-April-Tags-MOE-Edits\apriltags-source\common\workerpool.c">
      <Filter>Source Files</Filter>
    </ClCompile>
    <ClCompile Include="C:\Users\Anand John\Documents\GitHub\Pupil-April-Tags-MOE-Edits\apriltags-source\common\zarray.c">
      <Filter>Source Files</Filter>
    </ClCompile>
    <ClCompile Include="C:\Users\Anand John\Documents\GitHub\Pupil-April-Tags-MOE-Edits\apriltags-source\common\zhash.c">
      <Filter>Source Files</Filter>
    </ClCompile>
    <ClCompile Include="C:\Users\Anand John\Documents\GitHub\Pupil-April-Tags-MOE-Edits\apriltags-source\common\zmaxheap.c">
      <Filter>Source Files</Filter>
    </ClCompile>
    <ClCompile Include="C:\Users\Anand John\Documents\GitHub\Pupil-April-Tags-MOE-Edits\apriltags-source\tag16h5.c">
      <Filter>Source Files</Filter>
    </ClCompile>
    <ClCompile Include="C:\Users\Anand John\Documents\GitHub\Pupil-April-Tags-MOE-Edits\apriltags-source\tag25h9.c">
      <Filter>Source Files</Filter>
    </ClCompile>
    <ClCompile Include="C:\Users\Anand John\Documents\GitHub\Pupil-April-Tags-MOE-Edits\apriltags-source\tag36h10.c">
      <Filter>Source Files</Filter>
    </ClCompile>
    <ClCompile Include="C:\Users\Anand John\Documents\GitHub\Pupil-April-Tags-MOE-Edits\apriltags-source\tag36h11.c">
      <Filter>Source Files</Filter>
    </ClCompile>
    <ClCompile Include="C:\Users\Anand John\Documents\GitHub\Pupil-April-Tags-MOE-Edits\apriltags-source\tagCircle21h7.c">
      <Filter>Source Files</Filter>
    </ClCompile>
    <ClCompile Include="C:\Users\Anand John\Documents\GitHub\Pupil-April-Tags-MOE-Edits\apriltags-source\tagCircle49h12.c">
      <Filter>Source Files</Filter>
    </ClCompile>
    <ClCompile Include="C:\Users\Anand John\Documents\GitHub\Pupil-April-Tags-MOE-Edits\apriltags-source\tagCustom48h12.c">
      <Filter>Source Files</Filter>
    </ClCompile>
    <ClCompile Include="C:\Users\Anand John\Documents\GitHub\Pupil-April-Tags-MOE-Edits\apriltags-source\tagStandard41h12.c">
      <Filter>Source Files</Filter>
    </ClCompile>
    <ClCompile Include="C:\Users\Anand John\Documents\GitHub\Pupil-April-Tags-MOE-Edits\apriltags-source\tagStandard52h13.c">
      <Filter>Source Files</Filter>
    </ClCompile>
  </ItemGroup>
  <ItemGroup>
    <CustomBuild Include="C:\Users\Anand John\Documents\GitHub\Pupil-April-Tags-MOE-Edits\apriltags-source\CMakeLists.txt" />
  </ItemGroup>
  <ItemGroup>
    <Filter Include="Source Files">
      <UniqueIdentifier>{655D5747-FFC5-3DF7-9CC5-8DCF69834B79}</UniqueIdentifier>
    </Filter>
  </ItemGroup>
</Project>
