<?xml version="1.0" encoding="utf-8"?>
<Project ToolsVersion="17.0" xmlns="http://schemas.microsoft.com/developer/msbuild/2003">
  <ItemGroup>
    <CustomBuild Include="C:\Users\Anand John\Documents\GitHub\Pupil-April-Tags-MOE-Edits\apriltags-source\CMakeFiles\fbd307f856bc001faca7d0060fca7d6f\INSTALL_force.rule">
      <Filter>CMake Rules</Filter>
    </CustomBuild>
  </ItemGroup>
  <ItemGroup>
    <Filter Include="CMake Rules">
      <UniqueIdentifier>{B36B3233-75D7-351C-ADDC-C80ED4B629CA}</UniqueIdentifier>
    </Filter>
  </ItemGroup>
</Project>
